%{
  "adafruit_led_backpack": {:git, "https://github.com/jdav-dev/adafruit_led_backpack.git", "ff668e1960832a27cfef78419c739ab6155bb0c7", [ref: "ff668e1960832a27cfef78419c739ab6155bb0c7"]},
  "alarm_clock_rpi3": {:git, "https://github.com/jdav-dev/alarm_clock_rpi3.git", "fcc498dad6c05a81f836526dd9f0c5295a0c291f", [ref: "v1.18.1"]},
  "alarm_clock_rpi3a": {:git, "https://github.com/jdav-dev/alarm_clock_rpi3a.git", "9ca447ebaa5fbae31d786608ccba66b7ee7737e7", [ref: "v1.18.1"]},
  "beam_notify": {:hex, :beam_notify, "1.0.0", "5b8dceed76f8ac4acadf4d2915ac85b98c42bb17d7dd58253c7593d2a0deedbd", [:make, :mix], [{:elixir_make, "~> 0.6", [hex: :elixir_make, repo: "hexpm", optional: false]}], "hexpm", "a80331f6c3596918affa408d91ed634106b7ae71b3fc589432363aca68378362"},
  "certifi": {:hex, :certifi, "2.8.0", "d4fb0a6bb20b7c9c3643e22507e42f356ac090a1dcea9ab99e27e0376d695eba", [:rebar3], [], "hexpm", "6ac7efc1c6f8600b08d625292d4bbf584e14847ce1b6b5c44d983d273e1097ea"},
  "circuits_gpio": {:hex, :circuits_gpio, "0.4.8", "75a62b07131f119c0ffa1dd49f79fbe29c46fd39b20ef0acc036d449fb780b89", [:make, :mix], [{:elixir_make, "~> 0.6", [hex: :elixir_make, repo: "hexpm", optional: false]}], "hexpm", "05e341a5de7e9181a0ee6b3281bd2dc278ae4651825e95c9e83c9eabc421448e"},
  "circuits_i2c": {:hex, :circuits_i2c, "0.3.9", "746a599ac06f8d31572143a8c51e1bc787246c173669940dc23e078907fb13e1", [:make, :mix], [{:elixir_make, "~> 0.6", [hex: :elixir_make, repo: "hexpm", optional: false]}], "hexpm", "c6d75387637a4fbae77cf37af45000fe23763eb8104cc50e7aae532bec46e91d"},
  "circular_buffer": {:hex, :circular_buffer, "0.4.0", "a51ea76bb03c4a38207934264bcc600018ead966728ca80da731458c5f940f8b", [:mix], [], "hexpm", "c604b19f2101982b63264e2ed90c6fb0fe502540b6af83ce95135ac9b6f2d847"},
  "cowboy": {:hex, :cowboy, "2.9.0", "865dd8b6607e14cf03282e10e934023a1bd8be6f6bacf921a7e2a96d800cd452", [:make, :rebar3], [{:cowlib, "2.11.0", [hex: :cowlib, repo: "hexpm", optional: false]}, {:ranch, "1.8.0", [hex: :ranch, repo: "hexpm", optional: false]}], "hexpm", "2c729f934b4e1aa149aff882f57c6372c15399a20d54f65c8d67bef583021bde"},
  "cowboy_telemetry": {:hex, :cowboy_telemetry, "0.3.1", "ebd1a1d7aff97f27c66654e78ece187abdc646992714164380d8a041eda16754", [:rebar3], [{:cowboy, "~> 2.7", [hex: :cowboy, repo: "hexpm", optional: false]}, {:telemetry, "~> 0.4", [hex: :telemetry, repo: "hexpm", optional: false]}], "hexpm", "3a6efd3366130eab84ca372cbd4a7d3c3a97bdfcfb4911233b035d117063f0af"},
  "cowlib": {:hex, :cowlib, "2.11.0", "0b9ff9c346629256c42ebe1eeb769a83c6cb771a6ee5960bd110ab0b9b872063", [:make, :rebar3], [], "hexpm", "2b3e9da0b21c4565751a6d4901c20d1b4cc25cbb7fd50d91d2ab6dd287bc86a9"},
  "crontab": {:hex, :crontab, "1.1.11", "4028ced51b813a5061f85b689d4391ef0c27550c8ab09aaf139e4295c3d93ea4", [:mix], [{:ecto, "~> 1.0 or ~> 2.0 or ~> 3.0", [hex: :ecto, repo: "hexpm", optional: true]}], "hexpm", "ecb045f9ac14a3e2990e54368f70cdb6e2f2abafc5bc329d6c31f0c74b653787"},
  "dns": {:hex, :dns, "2.2.0", "4721a79c2bccc25481930dffbfd06f40851321c3d679986af307111214bf124c", [:mix], [{:socket, "~> 0.3.13", [hex: :socket, repo: "hexpm", optional: false]}], "hexpm", "13ed1ef36ce896211ec6ce5e02709dbfb12aa61d6255bda8d531577a0a5a56e0"},
  "elixir_make": {:hex, :elixir_make, "0.6.3", "bc07d53221216838d79e03a8019d0839786703129599e9619f4ab74c8c096eac", [:mix], [], "hexpm", "f5cbd651c5678bcaabdbb7857658ee106b12509cd976c2c2fca99688e1daf716"},
  "file_system": {:hex, :file_system, "0.2.10", "fb082005a9cd1711c05b5248710f8826b02d7d1784e7c3451f9c1231d4fc162d", [:mix], [], "hexpm", "41195edbfb562a593726eda3b3e8b103a309b733ad25f3d642ba49696bf715dc"},
  "floki": {:hex, :floki, "0.32.0", "f915dc15258bc997d49be1f5ef7d3992f8834d6f5695270acad17b41f5bcc8e2", [:mix], [{:html_entities, "~> 0.5.0", [hex: :html_entities, repo: "hexpm", optional: false]}], "hexpm", "1c5a91cae1fd8931c26a4826b5e2372c284813904c8bacb468b5de39c7ececbd"},
  "gen_stage": {:hex, :gen_stage, "1.1.2", "b1656cd4ba431ed02c5656fe10cb5423820847113a07218da68eae5d6a260c23", [:mix], [], "hexpm", "9e39af23140f704e2b07a3e29d8f05fd21c2aaf4088ff43cb82be4b9e3148d02"},
  "gen_state_machine": {:hex, :gen_state_machine, "3.0.0", "1e57f86a494e5c6b14137ebef26a7eb342b3b0070c7135f2d6768ed3f6b6cdff", [:mix], [], "hexpm", "0a59652574bebceb7309f6b749d2a41b45fdeda8dbb4da0791e355dd19f0ed15"},
  "hackney": {:hex, :hackney, "1.18.0", "c4443d960bb9fba6d01161d01cd81173089686717d9490e5d3606644c48d121f", [:rebar3], [{:certifi, "~>2.8.0", [hex: :certifi, repo: "hexpm", optional: false]}, {:idna, "~>6.1.0", [hex: :idna, repo: "hexpm", optional: false]}, {:metrics, "~>1.0.0", [hex: :metrics, repo: "hexpm", optional: false]}, {:mimerl, "~>1.1", [hex: :mimerl, repo: "hexpm", optional: false]}, {:parse_trans, "3.3.1", [hex: :parse_trans, repo: "hexpm", optional: false]}, {:ssl_verify_fun, "~>1.1.0", [hex: :ssl_verify_fun, repo: "hexpm", optional: false]}, {:unicode_util_compat, "~>0.7.0", [hex: :unicode_util_compat, repo: "hexpm", optional: false]}], "hexpm", "9afcda620704d720db8c6a3123e9848d09c87586dc1c10479c42627b905b5c5e"},
  "html_entities": {:hex, :html_entities, "0.5.2", "9e47e70598da7de2a9ff6af8758399251db6dbb7eebe2b013f2bbd2515895c3c", [:mix], [], "hexpm", "c53ba390403485615623b9531e97696f076ed415e8d8058b1dbaa28181f4fdcc"},
  "idna": {:hex, :idna, "6.1.1", "8a63070e9f7d0c62eb9d9fcb360a7de382448200fbbd1b106cc96d3d8099df8d", [:rebar3], [{:unicode_util_compat, "~>0.7.0", [hex: :unicode_util_compat, repo: "hexpm", optional: false]}], "hexpm", "92376eb7894412ed19ac475e4a86f7b413c1b9fbb5bd16dccd57934157944cea"},
  "jason": {:hex, :jason, "1.3.0", "fa6b82a934feb176263ad2df0dbd91bf633d4a46ebfdffea0c8ae82953714946", [:mix], [{:decimal, "~> 1.0 or ~> 2.0", [hex: :decimal, repo: "hexpm", optional: true]}], "hexpm", "53fc1f51255390e0ec7e50f9cb41e751c260d065dcba2bf0d08dc51a4002c2ac"},
  "mdns_lite": {:hex, :mdns_lite, "0.8.4", "6daa3ff4ec046f2e87a0d8f6de315fe9607f469ae2fe5f5978c9ef16152e60cb", [:mix], [{:vintage_net, "~> 0.7", [hex: :vintage_net, repo: "hexpm", optional: true]}], "hexpm", "1fa1d1939eb8de081a76fe140641af6230e344f38077f9f30a1f65537f3b6eed"},
  "memento": {:hex, :memento, "0.3.2", "38cfc8ff9bcb1adff7cbd0f3b78a762636b86dff764729d1c82d0464c539bdd0", [:mix], [], "hexpm", "25cf691a98a0cb70262f4a7543c04bab24648cb2041d937eb64154a8d6f8012b"},
  "metrics": {:hex, :metrics, "1.0.1", "25f094dea2cda98213cecc3aeff09e940299d950904393b2a29d191c346a8486", [:rebar3], [], "hexpm", "69b09adddc4f74a40716ae54d140f93beb0fb8978d8636eaded0c31b6f099f16"},
  "mime": {:hex, :mime, "2.0.2", "0b9e1a4c840eafb68d820b0e2158ef5c49385d17fb36855ac6e7e087d4b1dcc5", [:mix], [], "hexpm", "e6a3f76b4c277739e36c2e21a2c640778ba4c3846189d5ab19f97f126df5f9b7"},
  "mimerl": {:hex, :mimerl, "1.2.0", "67e2d3f571088d5cfd3e550c383094b47159f3eee8ffa08e64106cdf5e981be3", [:rebar3], [], "hexpm", "f278585650aa581986264638ebf698f8bb19df297f66ad91b18910dfc6e19323"},
  "muontrap": {:hex, :muontrap, "1.0.0", "53a05c37f71cc5070aaa0858a774ae1f500160b7186a70565521a14ef7843c5a", [:make, :mix], [{:elixir_make, "~> 0.6", [hex: :elixir_make, repo: "hexpm", optional: false]}], "hexpm", "0d3cd6e335986f9c2af1b61f583375b0f0d91cea95b7ec7bc720f330b4dc9b49"},
  "nerves": {:hex, :nerves, "1.6.7", "33d278ed549545f54f28a6ca35e287e5121dbf79829d9ceec644f62969c3eaed", [:make, :mix], [{:distillery, "~> 2.1", [hex: :distillery, repo: "hexpm", optional: true]}, {:elixir_make, "~> 0.6", [hex: :elixir_make, repo: "hexpm", optional: false]}, {:jason, "~> 1.2", [hex: :jason, repo: "hexpm", optional: true]}], "hexpm", "20bd942d1df6d06b5ac316e267d778066c0026ef3440bc112746661cec331fa2"},
  "nerves_motd": {:hex, :nerves_motd, "0.1.6", "59460f68a8b02811a344435207ceaf67f80a0e06f373137f8b1b96b2009271e8", [:mix], [{:nerves_runtime, "~> 0.8", [hex: :nerves_runtime, repo: "hexpm", optional: false]}, {:nerves_time_zones, "~> 0.1", [hex: :nerves_time_zones, repo: "hexpm", optional: true]}], "hexpm", "867bf49495fa834dc85b3f50f1baae6bfcfa136c855777279697f61d49deb379"},
  "nerves_pack": {:hex, :nerves_pack, "0.6.0", "c9b82b2005a7ff5b247670e02ac3b1c75d07b0dac8eb02cb11fd429990c65900", [:mix], [{:mdns_lite, "~> 0.8", [hex: :mdns_lite, repo: "hexpm", optional: false]}, {:nerves_motd, "~> 0.1", [hex: :nerves_motd, repo: "hexpm", optional: false]}, {:nerves_runtime, "~> 0.6", [hex: :nerves_runtime, repo: "hexpm", optional: false]}, {:nerves_ssh, "~> 0.2", [hex: :nerves_ssh, repo: "hexpm", optional: false]}, {:nerves_time, "~> 0.3", [hex: :nerves_time, repo: "hexpm", optional: false]}, {:ring_logger, "~> 0.8", [hex: :ring_logger, repo: "hexpm", optional: false]}, {:vintage_net, "~> 0.10", [hex: :vintage_net, repo: "hexpm", optional: false]}, {:vintage_net_direct, "~> 0.10", [hex: :vintage_net_direct, repo: "hexpm", optional: false]}, {:vintage_net_ethernet, "~> 0.10", [hex: :vintage_net_ethernet, repo: "hexpm", optional: false]}, {:vintage_net_wifi, "~> 0.10", [hex: :vintage_net_wifi, repo: "hexpm", optional: false]}], "hexpm", "9d240008ac04fdac9e73c088c05ead78d4f4b8d7cea0f93b009a386c859f2503"},
  "nerves_runtime": {:hex, :nerves_runtime, "0.11.8", "dbfb1fbe5507c25c359d95118f007723a6aaa546d98e3425a81b54a8ab2dc81f", [:make, :mix], [{:elixir_make, "~> 0.6", [hex: :elixir_make, repo: "hexpm", optional: false]}, {:system_registry, "~> 0.8.0", [hex: :system_registry, repo: "hexpm", optional: false]}, {:uboot_env, "~> 1.0 or ~> 0.3.0", [hex: :uboot_env, repo: "hexpm", optional: false]}], "hexpm", "575b3ff1e030bbc060ec851d3a3530e6ba174f5f40575a472b0ee9f57c281831"},
  "nerves_ssh": {:hex, :nerves_ssh, "0.2.3", "616527fc3adffcb32e12cf9392565f23bde43e0da292c91d1ed344b945fd203a", [:mix], [{:nerves_runtime, "~> 0.11", [hex: :nerves_runtime, repo: "hexpm", optional: false]}, {:ssh_subsystem_fwup, "~> 0.5", [hex: :ssh_subsystem_fwup, repo: "hexpm", optional: false]}], "hexpm", "accc4b53dce2054160ae4734a27945276016f45185af293cd4f0e3987f10d2af"},
  "nerves_system_br": {:hex, :nerves_system_br, "1.18.3", "24e374ee3a98f3ebe4d012b536656f4a2d36302ad205a845ca2fa3c9a04bdc19", [:mix], [], "hexpm", "4c19b5c6b0653eb2c890e0a991a22afcf4ef0c407b4e689b61b792ac77dc8e08"},
  "nerves_system_rpi3": {:hex, :nerves_system_rpi3, "1.13.3", "7b4f67ea5feec6bb8f67d5517fb4cdf474e84ce6472042e9d6e53b000f0399cd", [:mix], [{:nerves, "~> 1.5.4 or ~> 1.6.0 or ~> 1.7.0", [hex: :nerves, repo: "hexpm", optional: false]}, {:nerves_system_br, "1.13.7", [hex: :nerves_system_br, repo: "hexpm", optional: false]}, {:nerves_toolchain_arm_unknown_linux_gnueabihf, "~> 1.3.0", [hex: :nerves_toolchain_arm_unknown_linux_gnueabihf, repo: "hexpm", optional: false]}], "hexpm", "12096f3c44e2bac7c4e047e2e73a488b56b871287f9454180b671280fe3d9ba5"},
  "nerves_time": {:hex, :nerves_time, "0.4.4", "ea44adbc00b24886079ca657e8caf9db5dec0bbbc336da17bddff9725c5a61e4", [:make, :mix], [{:elixir_make, "~> 0.6", [hex: :elixir_make, repo: "hexpm", optional: false]}, {:muontrap, "~> 1.0 or ~> 0.5", [hex: :muontrap, repo: "hexpm", optional: false]}], "hexpm", "3b207649a612c4603b8747bb2ffb309ad0a23e70be7e27ed2823cd6b998b5fb5"},
  "nerves_toolchain_arm_unknown_linux_gnueabihf": {:hex, :nerves_toolchain_arm_unknown_linux_gnueabihf, "1.3.2", "c1adf1c067f46810a678946506f379b8d1694b154fcbc77b1de5fda97494fbfc", [:mix], [{:nerves, "~> 1.0", [hex: :nerves, repo: "hexpm", optional: false]}, {:nerves_toolchain_ctng, "~> 1.7.2", [hex: :nerves_toolchain_ctng, repo: "hexpm", optional: false]}], "hexpm", "0200515efb0ddd6a2318234c7084f7cdb8691fbb83c47def527558b4921f3a3a"},
  "nerves_toolchain_armv7_nerves_linux_gnueabihf": {:hex, :nerves_toolchain_armv7_nerves_linux_gnueabihf, "1.5.0", "51be4f07c4922add6cd342ac1f13c3110a425c33af4d45533d246012b8fd0878", [:mix], [{:nerves, "~> 1.0", [hex: :nerves, repo: "hexpm", optional: false]}, {:nerves_toolchain_ctng, "~> 1.8.5", [hex: :nerves_toolchain_ctng, repo: "hexpm", optional: false]}], "hexpm", "3b569f34b71892adae706640638cb9677f687ec941647b8f871479da79468b1a"},
  "nerves_toolchain_ctng": {:hex, :nerves_toolchain_ctng, "1.8.5", "f2dfd6e3b5f85889561b9f00c71510eea87c3d05760d20780285deb3c29ca212", [:mix], [{:nerves, "~> 1.0", [hex: :nerves, repo: "hexpm", optional: false]}], "hexpm", "2f65b1866f034054f3d61ee672b6d02f4de1d0b40bef74f49527b98ab46a39fc"},
  "one_dhcpd": {:hex, :one_dhcpd, "1.0.0", "fbadb9dd3aabdcdc7efd57c9fdb2b85217a615bc0b5bf1e4bef098f952d9b5e4", [:make, :mix], [{:elixir_make, "~> 0.6", [hex: :elixir_make, repo: "hexpm", optional: false]}], "hexpm", "c7b8e241954e2ec75be530c731805c6ff296ef764791ecc5da76e2477c91a4b9"},
  "parse_trans": {:hex, :parse_trans, "3.3.1", "16328ab840cc09919bd10dab29e431da3af9e9e7e7e6f0089dd5a2d2820011d8", [:rebar3], [], "hexpm", "07cd9577885f56362d414e8c4c4e6bdf10d43a8767abb92d24cbe8b24c54888b"},
  "phoenix": {:hex, :phoenix, "1.5.13", "d4e0805ec0973bed80d67302631130fb47d75b1a0b7335a0b23c4432b6ce55ee", [:mix], [{:jason, "~> 1.0", [hex: :jason, repo: "hexpm", optional: true]}, {:phoenix_html, "~> 2.13 or ~> 3.0", [hex: :phoenix_html, repo: "hexpm", optional: true]}, {:phoenix_pubsub, "~> 2.0", [hex: :phoenix_pubsub, repo: "hexpm", optional: false]}, {:plug, "~> 1.10", [hex: :plug, repo: "hexpm", optional: false]}, {:plug_cowboy, "~> 1.0 or ~> 2.2", [hex: :plug_cowboy, repo: "hexpm", optional: true]}, {:plug_crypto, "~> 1.1.2 or ~> 1.2", [hex: :plug_crypto, repo: "hexpm", optional: false]}, {:telemetry, "~> 0.4 or ~> 1.0", [hex: :telemetry, repo: "hexpm", optional: false]}], "hexpm", "1a7c4f1900e6e60bb60ae6680e48418e3f7c360d58bcb9f812487b6d0d281a0f"},
  "phoenix_html": {:hex, :phoenix_html, "2.14.3", "51f720d0d543e4e157ff06b65de38e13303d5778a7919bcc696599e5934271b8", [:mix], [{:plug, "~> 1.5", [hex: :plug, repo: "hexpm", optional: false]}], "hexpm", "efd697a7fff35a13eeeb6b43db884705cba353a1a41d127d118fda5f90c8e80f"},
  "phoenix_live_dashboard": {:hex, :phoenix_live_dashboard, "0.4.0", "87990e68b60213d7487e65814046f9a2bed4a67886c943270125913499b3e5c3", [:mix], [{:ecto_psql_extras, "~> 0.4.1 or ~> 0.5", [hex: :ecto_psql_extras, repo: "hexpm", optional: true]}, {:phoenix_html, "~> 2.14.1 or ~> 2.15", [hex: :phoenix_html, repo: "hexpm", optional: false]}, {:phoenix_live_view, "~> 0.15.0", [hex: :phoenix_live_view, repo: "hexpm", optional: false]}, {:telemetry_metrics, "~> 0.4.0 or ~> 0.5.0 or ~> 0.6.0", [hex: :telemetry_metrics, repo: "hexpm", optional: false]}], "hexpm", "8d52149e58188e9e4497cc0d8900ab94d9b66f96998ec38c47c7a4f8f4f50e57"},
  "phoenix_live_reload": {:hex, :phoenix_live_reload, "1.3.3", "3a53772a6118d5679bf50fc1670505a290e32a1d195df9e069d8c53ab040c054", [:mix], [{:file_system, "~> 0.2.1 or ~> 0.3", [hex: :file_system, repo: "hexpm", optional: false]}, {:phoenix, "~> 1.4", [hex: :phoenix, repo: "hexpm", optional: false]}], "hexpm", "766796676e5f558dbae5d1bdb066849673e956005e3730dfd5affd7a6da4abac"},
  "phoenix_live_view": {:hex, :phoenix_live_view, "0.15.7", "09720b8e5151b3ca8ef739cd7626d4feb987c69ba0b509c9bbdb861d5a365881", [:mix], [{:jason, "~> 1.0", [hex: :jason, repo: "hexpm", optional: true]}, {:phoenix, "~> 1.5.7", [hex: :phoenix, repo: "hexpm", optional: false]}, {:phoenix_html, "~> 2.14", [hex: :phoenix_html, repo: "hexpm", optional: false]}, {:telemetry, "~> 0.4.2 or ~> 0.5", [hex: :telemetry, repo: "hexpm", optional: false]}], "hexpm", "3a756cf662420272d0f1b3b908cce5222163b5a95aa9bab404f9d29aff53276e"},
  "phoenix_pubsub": {:hex, :phoenix_pubsub, "2.0.0", "a1ae76717bb168cdeb10ec9d92d1480fec99e3080f011402c0a2d68d47395ffb", [:mix], [], "hexpm", "c52d948c4f261577b9c6fa804be91884b381a7f8f18450c5045975435350f771"},
  "plug": {:hex, :plug, "1.12.1", "645678c800601d8d9f27ad1aebba1fdb9ce5b2623ddb961a074da0b96c35187d", [:mix], [{:mime, "~> 1.0 or ~> 2.0", [hex: :mime, repo: "hexpm", optional: false]}, {:plug_crypto, "~> 1.1.1 or ~> 1.2", [hex: :plug_crypto, repo: "hexpm", optional: false]}, {:telemetry, "~> 0.4.3 or ~> 1.0", [hex: :telemetry, repo: "hexpm", optional: false]}], "hexpm", "d57e799a777bc20494b784966dc5fbda91eb4a09f571f76545b72a634ce0d30b"},
  "plug_cowboy": {:hex, :plug_cowboy, "2.5.2", "62894ccd601cf9597e2c23911ff12798a8a18d237e9739f58a6b04e4988899fe", [:mix], [{:cowboy, "~> 2.7", [hex: :cowboy, repo: "hexpm", optional: false]}, {:cowboy_telemetry, "~> 0.3", [hex: :cowboy_telemetry, repo: "hexpm", optional: false]}, {:plug, "~> 1.7", [hex: :plug, repo: "hexpm", optional: false]}], "hexpm", "ea6e87f774c8608d60c8d34022a7d073bd7680a0a013f049fc62bf35efea1044"},
  "plug_crypto": {:hex, :plug_crypto, "1.2.2", "05654514ac717ff3a1843204b424477d9e60c143406aa94daf2274fdd280794d", [:mix], [], "hexpm", "87631c7ad914a5a445f0a3809f99b079113ae4ed4b867348dd9eec288cecb6db"},
  "quantum": {:hex, :quantum, "3.4.0", "5a53c3c52b0d55f2323940232ba6ab4c98e7e14c73dfacbba3a1ed799b037ce5", [:mix], [{:crontab, "~> 1.1", [hex: :crontab, repo: "hexpm", optional: false]}, {:gen_stage, "~> 0.14 or ~> 1.0", [hex: :gen_stage, repo: "hexpm", optional: false]}, {:telemetry, "~> 0.4.3 or ~> 1.0.0", [hex: :telemetry, repo: "hexpm", optional: false]}], "hexpm", "d0eb64957d3dc49c8ed730cc2203108334226496535965b8dfa3f3dbcf430f87"},
  "quantum_storage_mnesia": {:hex, :quantum_storage_mnesia, "1.0.0", "94bf3057e070558bb8908381149840505dcbc30a73a46aeed00a0629a64e1e23", [:mix], [{:memento, "~> 0.3.1", [hex: :memento, repo: "hexpm", optional: false]}, {:quantum, "~> 3.0", [hex: :quantum, repo: "hexpm", optional: false]}], "hexpm", "3a12d2d8cf683dd0f987ce63a9197416d2ae3ef750eee789ee92c86b627eaf5e"},
  "ranch": {:hex, :ranch, "1.8.0", "8c7a100a139fd57f17327b6413e4167ac559fbc04ca7448e9be9057311597a1d", [:make, :rebar3], [], "hexpm", "49fbcfd3682fab1f5d109351b61257676da1a2fdbe295904176d5e521a2ddfe5"},
  "ring_logger": {:hex, :ring_logger, "0.8.3", "c5850d97cbf984a229780b59832a9ddec602f8cd28ef81bafa55cd9b29eeac6d", [:mix], [{:circular_buffer, "~> 0.4.0", [hex: :circular_buffer, repo: "hexpm", optional: false]}], "hexpm", "50bb6cc689707558f3c75426149069c5097d77a58e2de5e18ed8f0ae071710ed"},
  "shoehorn": {:hex, :shoehorn, "0.7.0", "fc23870fb6b470f5c520fee692637b120a36e163842ab497bbec7e8a1aa6cfe3", [:mix], [], "hexpm", "eeb317ac677b228906039ccf532a582ad9f6d31d7958c98f5c853fe0459e0243"},
  "socket": {:hex, :socket, "0.3.13", "98a2ab20ce17f95fb512c5cadddba32b57273e0d2dba2d2e5f976c5969d0c632", [:mix], [], "hexpm", "f82ea9833ef49dde272e6568ab8aac657a636acb4cf44a7de8a935acb8957c2e"},
  "ssh_subsystem_fwup": {:hex, :ssh_subsystem_fwup, "0.6.0", "821b9cdf52b8dcc286183bce7641e62589373642a10180cd4cadd8e322bc4e8e", [:mix], [], "hexpm", "e5bcc923af4ae49368177437d20383730d096281beb18e9e9a36806aff1ca750"},
  "ssl_verify_fun": {:hex, :ssl_verify_fun, "1.1.6", "cf344f5692c82d2cd7554f5ec8fd961548d4fd09e7d22f5b62482e5aeaebd4b0", [:make, :mix, :rebar3], [], "hexpm", "bdb0d2471f453c88ff3908e7686f86f9be327d065cc1ec16fa4540197ea04680"},
  "system_registry": {:hex, :system_registry, "0.8.2", "df791dc276652fcfb53be4dab823e05f8269b96ac57c26f86a67838dbc0eefe7", [:mix], [], "hexpm", "f7acdede22c73ab0b3735eead7f2095efb2a7a6198366564205274db2ca2a8f8"},
  "telemetry": {:hex, :telemetry, "0.4.3", "a06428a514bdbc63293cd9a6263aad00ddeb66f608163bdec7c8995784080818", [:rebar3], [], "hexpm", "eb72b8365ffda5bed68a620d1da88525e326cb82a75ee61354fc24b844768041"},
  "telemetry_metrics": {:hex, :telemetry_metrics, "0.6.1", "315d9163a1d4660aedc3fee73f33f1d355dcc76c5c3ab3d59e76e3edf80eef1f", [:mix], [{:telemetry, "~> 0.4 or ~> 1.0", [hex: :telemetry, repo: "hexpm", optional: false]}], "hexpm", "7be9e0871c41732c233be71e4be11b96e56177bf15dde64a8ac9ce72ac9834c6"},
  "telemetry_poller": {:hex, :telemetry_poller, "0.5.1", "21071cc2e536810bac5628b935521ff3e28f0303e770951158c73eaaa01e962a", [:rebar3], [{:telemetry, "~> 0.4", [hex: :telemetry, repo: "hexpm", optional: false]}], "hexpm", "4cab72069210bc6e7a080cec9afffad1b33370149ed5d379b81c7c5f0c663fd4"},
  "toolshed": {:hex, :toolshed, "0.2.25", "909672ae6b8c209cc189ff167e99497734bfed51cf88e0468e2f916afab221f2", [:mix], [{:nerves_runtime, "~> 0.8", [hex: :nerves_runtime, repo: "hexpm", optional: true]}], "hexpm", "a532bc6803a79c0f63b58cf38b00ca9eebb6969fc4f5788a1a4c44fa1bff2e84"},
  "tzdata": {:hex, :tzdata, "1.1.1", "20c8043476dfda8504952d00adac41c6eda23912278add38edc140ae0c5bcc46", [:mix], [{:hackney, "~> 1.17", [hex: :hackney, repo: "hexpm", optional: false]}], "hexpm", "a69cec8352eafcd2e198dea28a34113b60fdc6cb57eb5ad65c10292a6ba89787"},
  "uboot_env": {:hex, :uboot_env, "1.0.0", "fdbe0afe65436f760cd372b16a58ccf7c76bbad1538f1766826e0ddbcaf80980", [:mix], [], "hexpm", "86754d5eae9643ca3094ee1d749b808f9d6f0d41b990e1191709b5a66c2b0757"},
  "unicode_util_compat": {:hex, :unicode_util_compat, "0.7.0", "bc84380c9ab48177092f43ac89e4dfa2c6d62b40b8bd132b1059ecc7232f9a78", [:rebar3], [], "hexpm", "25eee6d67df61960cf6a794239566599b09e17e668d3700247bc498638152521"},
  "vintage_net": {:hex, :vintage_net, "0.11.4", "af3ad21ea610ff49016c1aad3594d56792b2a5009c16e5ea7b32f8d8753fc8bc", [:make, :mix], [{:beam_notify, "~> 1.0 or ~> 0.2.0", [hex: :beam_notify, repo: "hexpm", optional: false]}, {:elixir_make, "~> 0.6", [hex: :elixir_make, repo: "hexpm", optional: false]}, {:gen_state_machine, "~> 2.0.0 or ~> 2.1.0 or ~> 3.0.0", [hex: :gen_state_machine, repo: "hexpm", optional: false]}, {:muontrap, "~> 1.0 or ~> 0.5.1 or ~> 0.6.0", [hex: :muontrap, repo: "hexpm", optional: false]}], "hexpm", "a2ee7ff7bdf3f79b75974eda6fa92f7270ed30c8d0bab41d2321cf08cc5ad114"},
  "vintage_net_direct": {:hex, :vintage_net_direct, "0.10.3", "23d215dc4dc9e3198f0f1f064721f80ebb649e6f2ff87b7adb2af641f62230f4", [:mix], [{:one_dhcpd, "~> 1.0 or ~> 0.2.3", [hex: :one_dhcpd, repo: "hexpm", optional: false]}, {:vintage_net, "~> 0.9.1 or ~> 0.10.0 or ~> 0.11.0", [hex: :vintage_net, repo: "hexpm", optional: false]}], "hexpm", "221dfb2d1d37fd70b3cda46c607b29dc62e5c23c355b6c47a90b8eb786070006"},
  "vintage_net_ethernet": {:hex, :vintage_net_ethernet, "0.10.3", "5325c590459544f871b0a807061fa37c3833ed8f83b94b0a15d497177503d5c2", [:mix], [{:vintage_net, "~> 0.10.0 or ~> 0.11.0", [hex: :vintage_net, repo: "hexpm", optional: false]}], "hexpm", "4ec1ae7b2188829e493f54e0ba9e36ea53e8c95aecdf5950011ce4f13fe4ed52"},
  "vintage_net_wifi": {:hex, :vintage_net_wifi, "0.10.6", "f5509f7c455ee5f4bc52174ada4d8eaf6e6e597f9d5ba51f17ffed613c0e0a8a", [:make, :mix], [{:elixir_make, "~> 0.6", [hex: :elixir_make, repo: "hexpm", optional: false]}, {:vintage_net, "~> 0.10.0 or ~> 0.11.0", [hex: :vintage_net, repo: "hexpm", optional: false]}], "hexpm", "2d94acb727ba5982e1c17b50cb08594d644f8da7bd8f9a56c68d2de972319080"},
}
